
Microsoft Visual Studio Solution File, Format Version 12.00
# Visual Studio Version 16
VisualStudioVersion = 16.0.30204.135
MinimumVisualStudioVersion = 10.0.40219.1
Project("{9A19103F-16F7-4668-BE54-9A1E7A4F7556}") = "MyShoppingCart", "MyShoppingCart.csproj", "{418145AD-EB52-4890-B5D5-4387AAC1DCD9}"
EndProject
Project("{9A19103F-16F7-4668-BE54-9A1E7A4F7556}") = "MyShoppingCart.Test", "..\MyShoppingCart.Test\MyShoppingCart.Test.csproj", "{5595ABF8-B899-487C-B9CF-4EFE22A6CEBE}"
EndProject
Global
	GlobalSection(SolutionConfigurationPlatforms) = preSolution
		Debug|Any CPU = Debug|Any CPU
		Release|Any CPU = Release|Any CPU
	EndGlobalSection
	GlobalSection(ProjectConfigurationPlatforms) = postSolution
		{418145AD-EB52-4890-B5D5-4387AAC1DCD9}.Debug|Any CPU.ActiveCfg = Debug|Any CPU
		{418145AD-EB52-4890-B5D5-4387AAC1DCD9}.Debug|Any CPU.Build.0 = Debug|Any CPU
		{418145AD-EB52-4890-B5D5-4387AAC1DCD9}.Release|Any CPU.ActiveCfg = Release|Any CPU
		{418145AD-EB52-4890-B5D5-4387AAC1DCD9}.Release|Any CPU.Build.0 = Release|Any CPU
		{5595ABF8-B899-487C-B9CF-4EFE22A6CEBE}.Debug|Any CPU.ActiveCfg = Debug|Any CPU
		{5595ABF8-B899-487C-B9CF-4EFE22A6CEBE}.Debug|Any CPU.Build.0 = Debug|Any CPU
		{5595ABF8-B899-487C-B9CF-4EFE22A6CEBE}.Release|Any CPU.ActiveCfg = Release|Any CPU
		{5595ABF8-B899-487C-B9CF-4EFE22A6CEBE}.Release|Any CPU.Build.0 = Release|Any CPU
	EndGlobalSection
	GlobalSection(SolutionProperties) = preSolution
		HideSolutionNode = FALSE
	EndGlobalSection
	GlobalSection(ExtensibilityGlobals) = postSolution
		SolutionGuid = {37C90B05-0802-4426-9092-F9CDA749040F}
	EndGlobalSection
EndGlobal
